
Microsoft Visual Studio Solution File, Format Version 12.00
# Visual Studio Version 17
VisualStudioVersion = 17.3.32901.215
MinimumVisualStudioVersion = 10.0.40219.1
Project("{FAE04EC0-301F-11D3-BF4B-00C04F79EFBC}") = "Hotel Managemnt System", "Hotel Managemnt System\Hotel Managemnt System.csproj", "{F111567B-7002-40EB-88CA-F74DE243BD75}"
EndProject
Global
	GlobalSection(SolutionConfigurationPlatforms) = preSolution
		Debug|Any CPU = Debug|Any CPU
		Release|Any CPU = Release|Any CPU
	EndGlobalSection
	GlobalSection(ProjectConfigurationPlatforms) = postSolution
		{F111567B-7002-40EB-88CA-F74DE243BD75}.Debug|Any CPU.ActiveCfg = Debug|Any CPU
		{F111567B-7002-40EB-88CA-F74DE243BD75}.Debug|Any CPU.Build.0 = Debug|Any CPU
		{F111567B-7002-40EB-88CA-F74DE243BD75}.Release|Any CPU.ActiveCfg = Release|Any CPU
		{F111567B-7002-40EB-88CA-F74DE243BD75}.Release|Any CPU.Build.0 = Release|Any CPU
	EndGlobalSection
	GlobalSection(SolutionProperties) = preSolution
		HideSolutionNode = FALSE
	EndGlobalSection
	GlobalSection(ExtensibilityGlobals) = postSolution
		SolutionGuid = {15EFE040-AF32-42E0-BA66-2DFE0EB393C1}
	EndGlobalSection
EndGlobal
